{"SurveyEntry":{"SurveyID":"SV_bkBk4dNJOB0x4Ed","SurveyName":"QUALMS-Follow-up","SurveyDescription":null,"SurveyOwnerID":"UR_2tKvBj0gFTvyfqI","SurveyBrandID":"ucsf","DivisionID":"DV_bC1rcNi4QdIEefW","SurveyLanguage":"EN","SurveyActiveResponseSet":"RS_cUSqvHhFmyD5VtP","SurveyStatus":"Active","SurveyStartDate":"0000-00-00 00:00:00","SurveyExpirationDate":"0000-00-00 00:00:00","SurveyCreationDate":"2013-10-02 12:57:22","CreatorID":"UR_2tKvBj0gFTvyfqI","LastModified":"2014-04-09 13:06:44","LastAccessed":"0000-00-00 00:00:00","LastActivated":"2014-01-10 11:53:58","Deleted":null},"SurveyElements":[{"SurveyID":"SV_bkBk4dNJOB0x4Ed","Element":"BL","PrimaryAttribute":"Survey Blocks","SecondaryAttribute":null,"TertiaryAttribute":null,"Payload":[{"Type":"Default","Description":"Default Question Block","ID":"BL_3lLsOAVjSNki0aF","BlockElements":[{"Type":"Question","QuestionID":"QID1"}]},{"Type":"Trash","Description":"Trash \/ Unused Questions","ID":"BL_3w4yjRcizlNczAh"}]},{"SurveyID":"SV_bkBk4dNJOB0x4Ed","Element":"FL","PrimaryAttribute":"Survey Flow","SecondaryAttribute":null,"TertiaryAttribute":null,"Payload":{"Type":"Root","FlowID":"FL_1","Flow":[{"Type":"EmbeddedData","FlowID":"FL_3","EmbeddedData":[{"Description":"fu_period","Type":"Recipient","Field":"fu_period","VariableType":"Nominal"},{"Description":"STARTDATE","Type":"Recipient","Field":"STARTDATE","VariableType":"Nominal"}]},{"Type":"Block","ID":"BL_3lLsOAVjSNki0aF","FlowID":"FL_2"}],"Properties":{"Count":3}}},{"SurveyID":"SV_bkBk4dNJOB0x4Ed","Element":"SO","PrimaryAttribute":"Survey Options","SecondaryAttribute":null,"TertiaryAttribute":null,"Payload":{"BackButton":"false","SaveAndContinue":"true","SurveyProtection":"PublicSurvey","BallotBoxStuffingPrevention":"false","OneCompletePerIP":"false","SurveyExpiration":null,"SurveyTermination":"DefaultMessage","Header":"","Footer":"","ProgressBarDisplay":"None","PartialData":"+1 week","ValidationMessage":null,"PreviousButton":"  <<  ","NextButton":"  >>  ","SkinLibrary":"ucsf","SkinType":"MQ","Skin":"ucsf1","NewScoring":1,"EOSMessage":"","ShowExportTags":"false","CollectGeoLocation":"false","SurveyTitle":"Survey | Qualtrics Survey Software","SurveyMetaDescription":"Survey Software, Enterprise Survey software for enterprise feedback management and CRM solutions. Enables high-quality data collection, panel management and results analysis. Perfect for market research or CRM solution (Customer Relationship Management) integration. Free trial and consultation.","PasswordProtection":"No","AnonymizeResponse":"No","Password":"","RefererCheck":"No","NoIndex":"No","RefererURL":"http:\/\/","EOSMessageLibrary":"","EOSRedirectURL":"http:\/\/","EmailThankYou":"false","ThankYouEmailMessageLibrary":null,"ThankYouEmailMessage":null,"ValidateMessage":"false","ValidationMessageLibrary":null,"InactiveSurvey":"DefaultMessage","InactiveMessageLibrary":"","InactiveMessage":"","AvailableLanguages":{"EN":[]},"ProtectSelectionIds":true}},{"SurveyID":"SV_bkBk4dNJOB0x4Ed","Element":"SCO","PrimaryAttribute":"Scoring","SecondaryAttribute":null,"TertiaryAttribute":null,"Payload":{"ScoringCategories":[],"ScoringCategoryGroups":[],"ScoringSummaryCategory":null,"ScoringSummaryAfterQuestions":0,"ScoringSummaryAfterSurvey":0,"DefaultScoringCategory":null,"AutoScoringCategory":null}},{"SurveyID":"SV_bkBk4dNJOB0x4Ed","Element":"STAT","PrimaryAttribute":"Survey Statistics","SecondaryAttribute":null,"TertiaryAttribute":null,"Payload":{"MobileCompatible":true,"ID":"Survey Statistics"}},{"SurveyID":"SV_bkBk4dNJOB0x4Ed","Element":"QC","PrimaryAttribute":"Survey Question Count","SecondaryAttribute":"1","TertiaryAttribute":null,"Payload":null},{"SurveyID":"SV_bkBk4dNJOB0x4Ed","Element":"SQ","PrimaryAttribute":"QID1","SecondaryAttribute":"Click to write the question text","TertiaryAttribute":null,"Payload":{"QuestionText":"Click to write the question text","DataExportTag":"Q1","QuestionType":"MC","Selector":"SAVR","SubSelector":"TX","Configuration":{"QuestionDescriptionOption":"UseText"},"QuestionDescription":"Click to write the question text","Choices":{"1":{"Display":"Yes"},"2":{"Display":"No"}},"ChoiceOrder":[1,2],"Validation":{"Settings":{"ForceResponse":"OFF","ForceResponseType":"ON","Type":"None"}},"Language":[],"QuestionID":"QID1","QuestionJS":"Qualtrics.SurveyEngine.addOnload(function () {\n  \/*Place Your Javascript Below This Line*\/\n  \n  var d = new Date();\n  var startdate = d.getFullYear() + '-' + ('0' + (d.getMonth() + 1)).slice(-2) + '-' + ('0' + d.getDate()).slice(-2) + ' ' + ('0' + d.getHours()).slice(-2) + ':' + ('0' + d.getMinutes()).slice(-2) + ':' + ('0' + d.getSeconds()).slice(-2);\n  Qualtrics.SurveyEngine.setEmbeddedData('STARTDATE', startdate);\n\n});"}},{"SurveyID":"SV_bkBk4dNJOB0x4Ed","Element":"RS","PrimaryAttribute":"RS_cUSqvHhFmyD5VtP","SecondaryAttribute":"Default Response Set","TertiaryAttribute":null,"Payload":null}]}