{"SurveyEntry":{"SurveyID":"SV_3OTpmENiQQN82jP","SurveyName":"QUALMS-Baseline","SurveyDescription":null,"SurveyOwnerID":"UR_2tKvBj0gFTvyfqI","SurveyBrandID":"ucsf","DivisionID":"DV_bC1rcNi4QdIEefW","SurveyLanguage":"EN","SurveyActiveResponseSet":"RS_1Tv5fmg2lPYOQSN","SurveyStatus":"Inactive","SurveyStartDate":"0000-00-00 00:00:00","SurveyExpirationDate":"0000-00-00 00:00:00","SurveyCreationDate":"2013-10-02 12:55:51","CreatorID":"UR_2tKvBj0gFTvyfqI","LastModified":"2014-04-09 12:57:05","LastAccessed":"0000-00-00 00:00:00","LastActivated":"0000-00-00 00:00:00","Deleted":null},"SurveyElements":[{"SurveyID":"SV_3OTpmENiQQN82jP","Element":"BL","PrimaryAttribute":"Survey Blocks","SecondaryAttribute":null,"TertiaryAttribute":null,"Payload":[{"Type":"Default","Description":"Default Question Block","ID":"BL_5b7DoOiyEH4vv37","BlockElements":[{"Type":"Question","QuestionID":"QID1"}]},{"Type":"Trash","Description":"Trash \/ Unused Questions","ID":"BL_9yH0FYS0D4dQWZ7"},{"Type":"Standard","SubType":"","Description":"Consent","ID":"BL_0J0GHSWaeb5AvOZ","BlockElements":[{"Type":"Question","QuestionID":"QID2"},{"Type":"Question","QuestionID":"QID3"},{"Type":"Page Break"},{"Type":"Question","QuestionID":"QID4"}]},{"Type":"Standard","SubType":"","Description":"Block 2","ID":"BL_bDSS7Xq0syXjpVr","BlockElements":[{"Type":"Question","QuestionID":"QID5"}]}]},{"SurveyID":"SV_3OTpmENiQQN82jP","Element":"FL","PrimaryAttribute":"Survey Flow","SecondaryAttribute":null,"TertiaryAttribute":null,"Payload":{"Type":"Root","FlowID":"FL_1","Flow":[{"Type":"EmbeddedData","FlowID":"FL_4","EmbeddedData":[{"Description":"TESTDATA","Type":"Recipient","Field":"TESTDATA","VariableType":"Nominal"},{"Description":"STARTDATE","Type":"Recipient","Field":"STARTDATE","VariableType":"Nominal"},{"Description":"CONSENTDATE","Type":"Recipient","Field":"CONSENTDATE","VariableType":"Nominal"},{"Description":"FUPERIOD","Type":"Custom","Field":"FUPERIOD","VariableType":"Nominal","Value":"0"},{"Description":"FU1DATE","Type":"Recipient","Field":"FU1DATE","VariableType":"Nominal"},{"Description":"FU2DATE","Type":"Recipient","Field":"FU2DATE","VariableType":"Nominal"},{"Description":"FU3DATE","Type":"Recipient","Field":"FU3DATE","VariableType":"Nominal"},{"Description":"FU4DATE","Type":"Recipient","Field":"FU4DATE","VariableType":"Nominal"},{"Description":"FU5DATE","Type":"Recipient","Field":"FU5DATE","VariableType":"Nominal"},{"Description":"FU6DATE","Type":"Recipient","Field":"FU6DATE","VariableType":"Nominal"},{"Description":"FU7DATE","Type":"Recipient","Field":"FU7DATE","VariableType":"Nominal"},{"Description":"FU8DATE","Type":"Recipient","Field":"FU8DATE","VariableType":"Nominal"},{"Description":"FU9DATE","Type":"Recipient","Field":"FU9DATE","VariableType":"Nominal"},{"Description":"FU10DATE","Type":"Recipient","Field":"FU10DATE","VariableType":"Nominal"},{"Description":"FU11DATE","Type":"Recipient","Field":"FU11DATE","VariableType":"Nominal"},{"Description":"FU12DATE","Type":"Recipient","Field":"FU12DATE","VariableType":"Nominal"},{"Description":"FU13DATE","Type":"Recipient","Field":"FU13DATE","VariableType":"Nominal"},{"Description":"FU14DATE","Type":"Recipient","Field":"FU14DATE","VariableType":"Nominal"},{"Description":"FU15DATE","Type":"Recipient","Field":"FU15DATE","VariableType":"Nominal"},{"Description":"FU16DATE","Type":"Recipient","Field":"FU16DATE","VariableType":"Nominal"},{"Description":"FU17DATE","Type":"Recipient","Field":"FU17DATE","VariableType":"Nominal"},{"Description":"FU18DATE","Type":"Recipient","Field":"FU18DATE","VariableType":"Nominal"},{"Description":"FU19DATE","Type":"Recipient","Field":"FU19DATE","VariableType":"Nominal"},{"Description":"FU20DATE","Type":"Recipient","Field":"FU20DATE","VariableType":"Nominal"},{"Description":"FU21DATE","Type":"Recipient","Field":"FU21DATE","VariableType":"Nominal"},{"Description":"FU22DATE","Type":"Recipient","Field":"FU22DATE","VariableType":"Nominal"},{"Description":"FU23DATE","Type":"Recipient","Field":"FU23DATE","VariableType":"Nominal"},{"Description":"FU24DATE","Type":"Recipient","Field":"FU24DATE","VariableType":"Nominal"},{"Description":"FU25DATE","Type":"Recipient","Field":"FU25DATE","VariableType":"Nominal"},{"Description":"FU26DATE","Type":"Recipient","Field":"FU26DATE","VariableType":"Nominal"},{"Description":"FU27DATE","Type":"Recipient","Field":"FU27DATE","VariableType":"Nominal"},{"Description":"FU28DATE","Type":"Recipient","Field":"FU28DATE","VariableType":"Nominal"},{"Description":"FU29DATE","Type":"Recipient","Field":"FU29DATE","VariableType":"Nominal"},{"Description":"FU30DATE","Type":"Recipient","Field":"FU30DATE","VariableType":"Nominal"}]},{"Type":"Block","ID":"BL_5b7DoOiyEH4vv37","FlowID":"FL_2"},{"Type":"Standard","ID":"BL_0J0GHSWaeb5AvOZ","FlowID":"FL_3"},{"Type":"Standard","ID":"BL_bDSS7Xq0syXjpVr","FlowID":"FL_5"}],"Properties":{"Count":5}}},{"SurveyID":"SV_3OTpmENiQQN82jP","Element":"SO","PrimaryAttribute":"Survey Options","SecondaryAttribute":null,"TertiaryAttribute":null,"Payload":{"BackButton":"false","SaveAndContinue":"true","SurveyProtection":"PublicSurvey","BallotBoxStuffingPrevention":"false","OneCompletePerIP":"false","SurveyExpiration":"None","SurveyTermination":"DefaultMessage","Header":"","Footer":"","ProgressBarDisplay":"None","PartialData":"+1 week","ValidationMessage":"","PreviousButton":"  <<  ","NextButton":"  >>  ","SkinLibrary":"ucsf","SkinType":"MQ","Skin":"ucsf1","NewScoring":1}},{"SurveyID":"SV_3OTpmENiQQN82jP","Element":"TR","PrimaryAttribute":"TR_da2jh3yDAZgro33","SecondaryAttribute":null,"TertiaryAttribute":null,"Payload":{"TriggerAction":"AddToPanel","Type":"OnQuestionResponse","PanelID":"ML_daPDve3kHKsz41L","FirstName":"Null","LastName":"Null","Email":"q:\/\/QID2\/ChoiceTextEntryValue","ExtRef":"","ExternalDataReference":"Null","Language":"Null","EmbeddedData":"","Panel":"","PanelData":{"FirstName":{"Data":{"LogicType":"Null","LeftOperand":"Null","Type":"Expression"}},"LastName":{"Data":{"LogicType":"Null","LeftOperand":"Null","Type":"Expression"}},"Email":{"Data":{"LogicType":"Question","QuestionID":"QID2","ChoiceLocator":"q:\/\/QID2\/ChoiceTextEntryValue","QuestionIDFromLocator":"QID2","LeftOperand":"q:\/\/QID2\/ChoiceTextEntryValue","Type":"Expression"}},"ExternalDataReference":{"Data":{"LogicType":"Null","LeftOperand":"Null","Type":"Expression"}},"Language":{"Data":{"LogicType":"Null","LeftOperand":"Null","Type":"Expression"}},"Panel":{"Values":["GR_6D0gxX4R7wGQOgc","ML_daPDve3kHKsz41L"],"Descriptions":[0,"Qualms"]},"AdditionalData":{"0":{"0":{"FieldName":"TESTDATA","FieldType":"EmbeddedData","EDField":"TESTDATA","EDLeftOperand":"e:\/\/Field\/TESTDATA","LeftOperand":"e:\/\/Field\/TESTDATA","Type":"Expression","LogicType":"Question","Description":"<span class=\"schema_desc\">Question<\/span><span class=\"textbox_desc FieldName_desc\">Embedded Data Field ${field.FieldName}<\/span><span class=\"text_desc FLD_23289614_desc\">=<\/span><span class=\"select_val_desc FieldType_desc\">Embedded Data<\/span><span class=\"textbox_val_desc EDField_desc\">TESTDATA<\/span>"},"1":{"FieldName":"STARTDATE","FieldType":"EmbeddedData","EDField":"STARTDATE","EDLeftOperand":"e:\/\/Field\/STARTDATE","LeftOperand":"e:\/\/Field\/STARTDATE","Type":"Expression","LogicType":"Question","Description":"<span class=\"schema_desc\">Question<\/span><span class=\"textbox_desc FieldName_desc\">Embedded Data Field ${field.FieldName}<\/span><span class=\"text_desc FLD_23289614_desc\">=<\/span><span class=\"select_val_desc FieldType_desc\">Embedded Data<\/span><span class=\"textbox_val_desc EDField_desc\">STARTDATE<\/span>","Conjuction":"And"},"2":{"FieldName":"CONSENTDATE","FieldType":"EmbeddedData","EDField":"CONSENTDATE","EDLeftOperand":"e:\/\/Field\/CONSENTDATE","LeftOperand":"e:\/\/Field\/CONSENTDATE","Type":"Expression","LogicType":"Question","Description":"<span class=\"schema_desc\">Question<\/span><span class=\"textbox_desc FieldName_desc\">Embedded Data Field ${field.FieldName}<\/span><span class=\"text_desc FLD_23289614_desc\">=<\/span><span class=\"select_val_desc FieldType_desc\">Embedded Data<\/span><span class=\"textbox_val_desc EDField_desc\">CONSENTDATE<\/span>","Conjuction":"And"},"3":{"FieldName":"FUPERIOD","FieldType":"EmbeddedData","EDField":"FUPERIOD","EDLeftOperand":"e:\/\/Field\/FUPERIOD","LeftOperand":"e:\/\/Field\/FUPERIOD","Type":"Expression","LogicType":"Question","Description":"<span class=\"schema_desc\">Question<\/span><span class=\"textbox_desc FieldName_desc\">Embedded Data Field ${field.FieldName}<\/span><span class=\"text_desc FLD_23289614_desc\">=<\/span><span class=\"select_val_desc FieldType_desc\">Embedded Data<\/span><span class=\"textbox_val_desc EDField_desc\">FUPERIOD<\/span>","Conjuction":"And"},"4":{"FieldName":"FU1DATE","FieldType":"EmbeddedData","EDField":"FU1DATE","EDLeftOperand":"e:\/\/Field\/FU1DATE","LeftOperand":"e:\/\/Field\/FU1DATE","Type":"Expression","LogicType":"Question","Description":"<span class=\"schema_desc\">Question<\/span><span class=\"textbox_desc FieldName_desc\">Embedded Data Field ${field.FieldName}<\/span><span class=\"text_desc FLD_23289614_desc\">=<\/span><span class=\"select_val_desc FieldType_desc\">Embedded Data<\/span><span class=\"textbox_val_desc EDField_desc\">FU1DATE<\/span>","Conjuction":"And"},"5":{"FieldName":"FU2DATE","FieldType":"EmbeddedData","EDField":"FU2DATE","EDLeftOperand":"e:\/\/Field\/FU2DATE","LeftOperand":"e:\/\/Field\/FU2DATE","Type":"Expression","LogicType":"Question","Description":"<span class=\"schema_desc\">Question<\/span><span class=\"textbox_desc FieldName_desc\">Embedded Data Field ${field.FieldName}<\/span><span class=\"text_desc FLD_23289614_desc\">=<\/span><span class=\"select_val_desc FieldType_desc\">Embedded Data<\/span><span class=\"textbox_val_desc EDField_desc\">FU2DATE<\/span>","Conjuction":"And"},"6":{"FieldName":"FU3DATE","FieldType":"EmbeddedData","EDField":"FU3DATE","EDLeftOperand":"e:\/\/Field\/FU3DATE","LeftOperand":"e:\/\/Field\/FU3DATE","Type":"Expression","LogicType":"Question","Description":"<span class=\"schema_desc\">Question<\/span><span class=\"textbox_desc FieldName_desc\">Embedded Data Field ${field.FieldName}<\/span><span class=\"text_desc FLD_23289614_desc\">=<\/span><span class=\"select_val_desc FieldType_desc\">Embedded Data<\/span><span class=\"textbox_val_desc EDField_desc\">FU3DATE<\/span>","Conjuction":"And"},"7":{"FieldName":"FU4DATE","FieldType":"EmbeddedData","EDField":"FU4DATE","EDLeftOperand":"e:\/\/Field\/FU4DATE","LeftOperand":"e:\/\/Field\/FU4DATE","Type":"Expression","LogicType":"Question","Description":"<span class=\"schema_desc\">Question<\/span><span class=\"textbox_desc FieldName_desc\">Embedded Data Field ${field.FieldName}<\/span><span class=\"text_desc FLD_23289614_desc\">=<\/span><span class=\"select_val_desc FieldType_desc\">Embedded Data<\/span><span class=\"textbox_val_desc EDField_desc\">FU4DATE<\/span>","Conjuction":"And"},"8":{"FieldName":"FU5DATE","FieldType":"EmbeddedData","EDField":"FU5DATE","EDLeftOperand":"e:\/\/Field\/FU5DATE","LeftOperand":"e:\/\/Field\/FU5DATE","Type":"Expression","LogicType":"Question","Description":"<span class=\"schema_desc\">Question<\/span><span class=\"textbox_desc FieldName_desc\">Embedded Data Field ${field.FieldName}<\/span><span class=\"text_desc FLD_23289614_desc\">=<\/span><span class=\"select_val_desc FieldType_desc\">Embedded Data<\/span><span class=\"textbox_val_desc EDField_desc\">FU5DATE<\/span>","Conjuction":"And"},"9":{"FieldName":"FU6DATE","FieldType":"EmbeddedData","EDField":"FU6DATE","EDLeftOperand":"e:\/\/Field\/FU6DATE","LeftOperand":"e:\/\/Field\/FU6DATE","Type":"Expression","LogicType":"Question","Description":"<span class=\"schema_desc\">Question<\/span><span class=\"textbox_desc FieldName_desc\">Embedded Data Field ${field.FieldName}<\/span><span class=\"text_desc FLD_23289614_desc\">=<\/span><span class=\"select_val_desc FieldType_desc\">Embedded Data<\/span><span class=\"textbox_val_desc EDField_desc\">FU6DATE<\/span>","Conjuction":"And"},"10":{"FieldName":"FU7DATE","FieldType":"EmbeddedData","EDField":"FU7DATE","EDLeftOperand":"e:\/\/Field\/FU7DATE","LeftOperand":"e:\/\/Field\/FU7DATE","Type":"Expression","LogicType":"Question","Description":"<span class=\"schema_desc\">Question<\/span><span class=\"textbox_desc FieldName_desc\">Embedded Data Field ${field.FieldName}<\/span><span class=\"text_desc FLD_23289614_desc\">=<\/span><span class=\"select_val_desc FieldType_desc\">Embedded Data<\/span><span class=\"textbox_val_desc EDField_desc\">FU7DATE<\/span>","Conjuction":"And"},"11":{"FieldName":"FU8DATE","FieldType":"EmbeddedData","EDField":"FU8DATE","EDLeftOperand":"e:\/\/Field\/FU8DATE","LeftOperand":"e:\/\/Field\/FU8DATE","Type":"Expression","LogicType":"Question","Description":"<span class=\"schema_desc\">Question<\/span><span class=\"textbox_desc FieldName_desc\">Embedded Data Field ${field.FieldName}<\/span><span class=\"text_desc FLD_23289614_desc\">=<\/span><span class=\"select_val_desc FieldType_desc\">Embedded Data<\/span><span class=\"textbox_val_desc EDField_desc\">FU8DATE<\/span>","Conjuction":"And"},"12":{"FieldName":"FU9DATE","FieldType":"EmbeddedData","EDField":"FU9DATE","EDLeftOperand":"e:\/\/Field\/FU9DATE","LeftOperand":"e:\/\/Field\/FU9DATE","Type":"Expression","LogicType":"Question","Description":"<span class=\"schema_desc\">Question<\/span><span class=\"textbox_desc FieldName_desc\">Embedded Data Field ${field.FieldName}<\/span><span class=\"text_desc FLD_23289614_desc\">=<\/span><span class=\"select_val_desc FieldType_desc\">Embedded Data<\/span><span class=\"textbox_val_desc EDField_desc\">FU9DATE<\/span>","Conjuction":"And"},"13":{"FieldName":"FU10DATE","FieldType":"EmbeddedData","EDField":"FU10DATE","EDLeftOperand":"e:\/\/Field\/FU10DATE","LeftOperand":"e:\/\/Field\/FU10DATE","Type":"Expression","LogicType":"Question","Description":"<span class=\"schema_desc\">Question<\/span><span class=\"textbox_desc FieldName_desc\">Embedded Data Field ${field.FieldName}<\/span><span class=\"text_desc FLD_23289614_desc\">=<\/span><span class=\"select_val_desc FieldType_desc\">Embedded Data<\/span><span class=\"textbox_val_desc EDField_desc\">FU10DATE<\/span>","Conjuction":"And"},"14":{"FieldName":"FU11DATE","FieldType":"EmbeddedData","EDField":"FU11DATE","EDLeftOperand":"e:\/\/Field\/FU11DATE","LeftOperand":"e:\/\/Field\/FU11DATE","Type":"Expression","LogicType":"Question","Description":"<span class=\"schema_desc\">Question<\/span><span class=\"textbox_desc FieldName_desc\">Embedded Data Field ${field.FieldName}<\/span><span class=\"text_desc FLD_23289614_desc\">=<\/span><span class=\"select_val_desc FieldType_desc\">Embedded Data<\/span><span class=\"textbox_val_desc EDField_desc\">FU11DATE<\/span>","Conjuction":"And"},"15":{"FieldName":"FU12DATE","FieldType":"EmbeddedData","EDField":"FU12DATE","EDLeftOperand":"e:\/\/Field\/FU12DATE","LeftOperand":"e:\/\/Field\/FU12DATE","Type":"Expression","LogicType":"Question","Description":"<span class=\"schema_desc\">Question<\/span><span class=\"textbox_desc FieldName_desc\">Embedded Data Field ${field.FieldName}<\/span><span class=\"text_desc FLD_23289614_desc\">=<\/span><span class=\"select_val_desc FieldType_desc\">Embedded Data<\/span><span class=\"textbox_val_desc EDField_desc\">FU12DATE<\/span>","Conjuction":"And"},"16":{"FieldName":"FU13DATE","FieldType":"EmbeddedData","EDField":"FU13DATE","EDLeftOperand":"e:\/\/Field\/FU13DATE","LeftOperand":"e:\/\/Field\/FU13DATE","Type":"Expression","LogicType":"Question","Description":"<span class=\"schema_desc\">Question<\/span><span class=\"textbox_desc FieldName_desc\">Embedded Data Field ${field.FieldName}<\/span><span class=\"text_desc FLD_23289614_desc\">=<\/span><span class=\"select_val_desc FieldType_desc\">Embedded Data<\/span><span class=\"textbox_val_desc EDField_desc\">FU13DATE<\/span>","Conjuction":"And"},"17":{"FieldName":"FU14DATE","FieldType":"EmbeddedData","EDField":"FU14DATE","EDLeftOperand":"e:\/\/Field\/FU14DATE","LeftOperand":"e:\/\/Field\/FU14DATE","Type":"Expression","LogicType":"Question","Description":"<span class=\"schema_desc\">Question<\/span><span class=\"textbox_desc FieldName_desc\">Embedded Data Field ${field.FieldName}<\/span><span class=\"text_desc FLD_23289614_desc\">=<\/span><span class=\"select_val_desc FieldType_desc\">Embedded Data<\/span><span class=\"textbox_val_desc EDField_desc\">FU14DATE<\/span>","Conjuction":"And"},"18":{"FieldName":"FU15DATE","FieldType":"EmbeddedData","EDField":"FU15DATE","EDLeftOperand":"e:\/\/Field\/FU15DATE","LeftOperand":"e:\/\/Field\/FU15DATE","Type":"Expression","LogicType":"Question","Description":"<span class=\"schema_desc\">Question<\/span><span class=\"textbox_desc FieldName_desc\">Embedded Data Field ${field.FieldName}<\/span><span class=\"text_desc FLD_23289614_desc\">=<\/span><span class=\"select_val_desc FieldType_desc\">Embedded Data<\/span><span class=\"textbox_val_desc EDField_desc\">FU15DATE<\/span>","Conjuction":"And"},"19":{"FieldName":"FU16DATE","FieldType":"EmbeddedData","EDField":"FU16DATE","EDLeftOperand":"e:\/\/Field\/FU16DATE","LeftOperand":"e:\/\/Field\/FU16DATE","Type":"Expression","LogicType":"Question","Description":"<span class=\"schema_desc\">Question<\/span><span class=\"textbox_desc FieldName_desc\">Embedded Data Field ${field.FieldName}<\/span><span class=\"text_desc FLD_23289614_desc\">=<\/span><span class=\"select_val_desc FieldType_desc\">Embedded Data<\/span><span class=\"textbox_val_desc EDField_desc\">FU16DATE<\/span>","Conjuction":"And"},"20":{"FieldName":"FU17DATE","FieldType":"EmbeddedData","EDField":"FU17DATE","EDLeftOperand":"e:\/\/Field\/FU17DATE","LeftOperand":"e:\/\/Field\/FU17DATE","Type":"Expression","LogicType":"Question","Description":"<span class=\"schema_desc\">Question<\/span><span class=\"textbox_desc FieldName_desc\">Embedded Data Field ${field.FieldName}<\/span><span class=\"text_desc FLD_23289614_desc\">=<\/span><span class=\"select_val_desc FieldType_desc\">Embedded Data<\/span><span class=\"textbox_val_desc EDField_desc\">FU17DATE<\/span>","Conjuction":"And"},"21":{"FieldName":"FU18DATE","FieldType":"EmbeddedData","EDField":"FU18DATE","EDLeftOperand":"e:\/\/Field\/FU18DATE","LeftOperand":"e:\/\/Field\/FU18DATE","Type":"Expression","LogicType":"Question","Description":"<span class=\"schema_desc\">Question<\/span><span class=\"textbox_desc FieldName_desc\">Embedded Data Field ${field.FieldName}<\/span><span class=\"text_desc FLD_23289614_desc\">=<\/span><span class=\"select_val_desc FieldType_desc\">Embedded Data<\/span><span class=\"textbox_val_desc EDField_desc\">FU18DATE<\/span>","Conjuction":"And"},"22":{"FieldName":"FU19DATE","FieldType":"EmbeddedData","EDField":"FU19DATE","EDLeftOperand":"e:\/\/Field\/FU19DATE","LeftOperand":"e:\/\/Field\/FU19DATE","Type":"Expression","LogicType":"Question","Description":"<span class=\"schema_desc\">Question<\/span><span class=\"textbox_desc FieldName_desc\">Embedded Data Field ${field.FieldName}<\/span><span class=\"text_desc FLD_23289614_desc\">=<\/span><span class=\"select_val_desc FieldType_desc\">Embedded Data<\/span><span class=\"textbox_val_desc EDField_desc\">FU19DATE<\/span>","Conjuction":"And"},"23":{"FieldName":"FU20DATE","FieldType":"EmbeddedData","EDField":"FU20DATE","EDLeftOperand":"e:\/\/Field\/FU20DATE","LeftOperand":"e:\/\/Field\/FU20DATE","Type":"Expression","LogicType":"Question","Description":"<span class=\"schema_desc\">Question<\/span><span class=\"textbox_desc FieldName_desc\">Embedded Data Field ${field.FieldName}<\/span><span class=\"text_desc FLD_23289614_desc\">=<\/span><span class=\"select_val_desc FieldType_desc\">Embedded Data<\/span><span class=\"textbox_val_desc EDField_desc\">FU20DATE<\/span>","Conjuction":"And"},"24":{"FieldName":"FU21DATE","FieldType":"EmbeddedData","EDField":"FU21DATE","EDLeftOperand":"e:\/\/Field\/FU21DATE","LeftOperand":"e:\/\/Field\/FU21DATE","Type":"Expression","LogicType":"Question","Description":"<span class=\"schema_desc\">Question<\/span><span class=\"textbox_desc FieldName_desc\">Embedded Data Field ${field.FieldName}<\/span><span class=\"text_desc FLD_23289614_desc\">=<\/span><span class=\"select_val_desc FieldType_desc\">Embedded Data<\/span><span class=\"textbox_val_desc EDField_desc\">FU21DATE<\/span>","Conjuction":"And"},"25":{"FieldName":"FU22DATE","FieldType":"EmbeddedData","EDField":"FU22DATE","EDLeftOperand":"e:\/\/Field\/FU22DATE","LeftOperand":"e:\/\/Field\/FU22DATE","Type":"Expression","LogicType":"Question","Description":"<span class=\"schema_desc\">Question<\/span><span class=\"textbox_desc FieldName_desc\">Embedded Data Field ${field.FieldName}<\/span><span class=\"text_desc FLD_23289614_desc\">=<\/span><span class=\"select_val_desc FieldType_desc\">Embedded Data<\/span><span class=\"textbox_val_desc EDField_desc\">FU22DATE<\/span>","Conjuction":"And"},"26":{"FieldName":"FU23DATE","FieldType":"EmbeddedData","EDField":"FU23DATE","EDLeftOperand":"e:\/\/Field\/FU23DATE","LeftOperand":"e:\/\/Field\/FU23DATE","Type":"Expression","LogicType":"Question","Description":"<span class=\"schema_desc\">Question<\/span><span class=\"textbox_desc FieldName_desc\">Embedded Data Field ${field.FieldName}<\/span><span class=\"text_desc FLD_23289614_desc\">=<\/span><span class=\"select_val_desc FieldType_desc\">Embedded Data<\/span><span class=\"textbox_val_desc EDField_desc\">FU23DATE<\/span>","Conjuction":"And"},"27":{"FieldName":"FU24DATE","FieldType":"EmbeddedData","EDField":"FU24DATE","EDLeftOperand":"e:\/\/Field\/FU24DATE","LeftOperand":"e:\/\/Field\/FU24DATE","Type":"Expression","LogicType":"Question","Description":"<span class=\"schema_desc\">Question<\/span><span class=\"textbox_desc FieldName_desc\">Embedded Data Field ${field.FieldName}<\/span><span class=\"text_desc FLD_23289614_desc\">=<\/span><span class=\"select_val_desc FieldType_desc\">Embedded Data<\/span><span class=\"textbox_val_desc EDField_desc\">FU24DATE<\/span>","Conjuction":"And"},"28":{"FieldName":"FU25DATE","FieldType":"EmbeddedData","EDField":"FU25DATE","EDLeftOperand":"e:\/\/Field\/FU25DATE","LeftOperand":"e:\/\/Field\/FU25DATE","Type":"Expression","LogicType":"Question","Description":"<span class=\"schema_desc\">Question<\/span><span class=\"textbox_desc FieldName_desc\">Embedded Data Field ${field.FieldName}<\/span><span class=\"text_desc FLD_23289614_desc\">=<\/span><span class=\"select_val_desc FieldType_desc\">Embedded Data<\/span><span class=\"textbox_val_desc EDField_desc\">FU25DATE<\/span>","Conjuction":"And"},"29":{"FieldName":"FU26DATE","FieldType":"EmbeddedData","EDField":"FU26DATE","EDLeftOperand":"e:\/\/Field\/FU26DATE","LeftOperand":"e:\/\/Field\/FU26DATE","Type":"Expression","LogicType":"Question","Description":"<span class=\"schema_desc\">Question<\/span><span class=\"textbox_desc FieldName_desc\">Embedded Data Field ${field.FieldName}<\/span><span class=\"text_desc FLD_23289614_desc\">=<\/span><span class=\"select_val_desc FieldType_desc\">Embedded Data<\/span><span class=\"textbox_val_desc EDField_desc\">FU26DATE<\/span>","Conjuction":"And"},"30":{"FieldName":"FU27DATE","FieldType":"EmbeddedData","EDField":"FU27DATE","EDLeftOperand":"e:\/\/Field\/FU27DATE","LeftOperand":"e:\/\/Field\/FU27DATE","Type":"Expression","LogicType":"Question","Description":"<span class=\"schema_desc\">Question<\/span><span class=\"textbox_desc FieldName_desc\">Embedded Data Field ${field.FieldName}<\/span><span class=\"text_desc FLD_23289614_desc\">=<\/span><span class=\"select_val_desc FieldType_desc\">Embedded Data<\/span><span class=\"textbox_val_desc EDField_desc\">FU27DATE<\/span>","Conjuction":"And"},"31":{"FieldName":"FU28DATE","FieldType":"EmbeddedData","EDField":"FU28DATE","EDLeftOperand":"e:\/\/Field\/FU28DATE","LeftOperand":"e:\/\/Field\/FU28DATE","Type":"Expression","LogicType":"Question","Description":"<span class=\"schema_desc\">Question<\/span><span class=\"textbox_desc FieldName_desc\">Embedded Data Field ${field.FieldName}<\/span><span class=\"text_desc FLD_23289614_desc\">=<\/span><span class=\"select_val_desc FieldType_desc\">Embedded Data<\/span><span class=\"textbox_val_desc EDField_desc\">FU28DATE<\/span>","Conjuction":"And"},"32":{"FieldName":"FU29DATE","FieldType":"EmbeddedData","EDField":"FU29DATE","EDLeftOperand":"e:\/\/Field\/FU29DATE","LeftOperand":"e:\/\/Field\/FU29DATE","Type":"Expression","LogicType":"Question","Description":"<span class=\"schema_desc\">Question<\/span><span class=\"textbox_desc FieldName_desc\">Embedded Data Field ${field.FieldName}<\/span><span class=\"text_desc FLD_23289614_desc\">=<\/span><span class=\"select_val_desc FieldType_desc\">Embedded Data<\/span><span class=\"textbox_val_desc EDField_desc\">FU29DATE<\/span>","Conjuction":"And"},"33":{"FieldName":"FU30DATE","FieldType":"EmbeddedData","EDField":"FU30DATE","EDLeftOperand":"e:\/\/Field\/FU30DATE","LeftOperand":"e:\/\/Field\/FU30DATE","Type":"Expression","LogicType":"Question","Description":"<span class=\"schema_desc\">Question<\/span><span class=\"textbox_desc FieldName_desc\">Embedded Data Field ${field.FieldName}<\/span><span class=\"text_desc FLD_23289614_desc\">=<\/span><span class=\"select_val_desc FieldType_desc\">Embedded Data<\/span><span class=\"textbox_val_desc EDField_desc\">FU30DATE<\/span>","Conjuction":"And"},"Type":"If"},"Type":"BooleanExpression"}},"UpdatePanel":true,"Unsubscribe":false,"Logic":{"0":{"0":{"LogicType":"Question","QuestionID":"QID3","QuestionIsInLoop":"no","ChoiceLocator":"q:\/\/QID3\/SelectableChoice\/1","Operator":"Selected","QuestionIDFromLocator":"QID3","LeftOperand":"q:\/\/QID3\/SelectableChoice\/1","Type":"Expression","Description":"<span class=\"ConjDesc\">If<\/span> <span class=\"QuestionDesc\">Consent?<\/span> <span class=\"LeftOpDesc\">Yes<\/span> Is <span class=\"OpDesc\">Selected<\/span> "},"1":{"LogicType":"Question","QuestionID":"QID2","QuestionIsInLoop":"no","ChoiceLocator":"q:\/\/QID2\/ChoiceTextEntryValue","Operator":"NotEmpty","QuestionIDFromLocator":"QID2","LeftOperand":"q:\/\/QID2\/ChoiceTextEntryValue","Type":"Expression","Description":"<span class=\"ConjDesc\">And<\/span> <span class=\"QuestionDesc\">Email:<\/span> <span class=\"LeftOpDesc\">Text Response<\/span> Is <span class=\"OpDesc\">Not Empty<\/span> ","Conjuction":"And"},"Type":"If"},"Type":"BooleanExpression"},"ID":"TR_da2jh3yDAZgro33"}},{"SurveyID":"SV_3OTpmENiQQN82jP","Element":"SCO","PrimaryAttribute":"Scoring","SecondaryAttribute":null,"TertiaryAttribute":null,"Payload":{"ScoringCategories":[],"ScoringCategoryGroups":[],"ScoringSummaryCategory":null,"ScoringSummaryAfterQuestions":0,"ScoringSummaryAfterSurvey":0,"DefaultScoringCategory":null,"AutoScoringCategory":null}},{"SurveyID":"SV_3OTpmENiQQN82jP","Element":"STAT","PrimaryAttribute":"Survey Statistics","SecondaryAttribute":null,"TertiaryAttribute":null,"Payload":{"MobileCompatible":true,"ID":"Survey Statistics"}},{"SurveyID":"SV_3OTpmENiQQN82jP","Element":"QC","PrimaryAttribute":"Survey Question Count","SecondaryAttribute":"5","TertiaryAttribute":null,"Payload":null},{"SurveyID":"SV_3OTpmENiQQN82jP","Element":"SQ","PrimaryAttribute":"QID4","SecondaryAttribute":"Click to write the question text","TertiaryAttribute":null,"Payload":{"QuestionText":"Click to write the question text","DataExportTag":"Q4","QuestionType":"MC","Selector":"SAVR","SubSelector":"TX","Configuration":{"QuestionDescriptionOption":"UseText"},"QuestionDescription":"Click to write the question text","Choices":{"1":{"Display":"Click to write Choice 1"},"2":{"Display":"Click to write Choice 2"},"3":{"Display":"Click to write Choice 3"}},"ChoiceOrder":["1","2","3"],"Validation":{"Settings":{"ForceResponse":"OFF","ForceResponseType":"ON","Type":"None"}},"Language":[],"QuestionID":"QID4","QuestionJS":"Qualtrics.SurveyEngine.addOnload(function () {\n\t\/*Place Your Javascript Below This Line*\/\n\n\tvar d = new Date();\n\n\tvar fu1Fdate = new Date(d.getTime() + (1 * 86400000)); \/\/number of milliseconds in a day: 8640000 = (24 * 60 * 60 * 1000)\n\tvar fu2Fdate = new Date(d.getTime() + (2 * 86400000));\n\tvar fu3Fdate = new Date(d.getTime() + (3 * 86400000));\n\tvar fu4Fdate = new Date(d.getTime() + (4 * 86400000));\n\tvar fu5Fdate = new Date(d.getTime() + (5 * 86400000));\n\tvar fu6Fdate = new Date(d.getTime() + (6 * 86400000));\n\tvar fu7Fdate = new Date(d.getTime() + (7 * 86400000));\n\tvar fu8Fdate = new Date(d.getTime() + (8 * 86400000));\n\tvar fu9Fdate = new Date(d.getTime() + (9 * 86400000));\n\tvar fu10Fdate = new Date(d.getTime() + (10 * 86400000));\n\tvar fu11Fdate = new Date(d.getTime() + (11 * 86400000));\n\tvar fu12Fdate = new Date(d.getTime() + (12 * 86400000));\n\tvar fu13Fdate = new Date(d.getTime() + (13 * 86400000));\n\tvar fu14Fdate = new Date(d.getTime() + (14 * 86400000));\n\tvar fu15Fdate = new Date(d.getTime() + (15 * 86400000));\n\tvar fu16Fdate = new Date(d.getTime() + (16 * 86400000));\n\tvar fu17Fdate = new Date(d.getTime() + (17 * 86400000));\n\tvar fu18Fdate = new Date(d.getTime() + (18 * 86400000));\n\tvar fu19Fdate = new Date(d.getTime() + (19 * 86400000));\n\tvar fu20Fdate = new Date(d.getTime() + (20 * 86400000));\n\tvar fu21Fdate = new Date(d.getTime() + (21 * 86400000));\n\tvar fu22Fdate = new Date(d.getTime() + (22 * 86400000));\n\tvar fu23Fdate = new Date(d.getTime() + (23 * 86400000));\n\tvar fu24Fdate = new Date(d.getTime() + (24 * 86400000));\n\tvar fu25Fdate = new Date(d.getTime() + (25 * 86400000));\n\tvar fu26Fdate = new Date(d.getTime() + (26 * 86400000));\n\tvar fu27Fdate = new Date(d.getTime() + (27 * 86400000));\n\tvar fu28Fdate = new Date(d.getTime() + (28 * 86400000));\n\tvar fu29Fdate = new Date(d.getTime() + (29 * 86400000));\n\tvar fu30Fdate = new Date(d.getTime() + (30 * 86400000));\n\t\n\t\/\/sets according to UTC time (not local time zone)\n\n\tvar consentdate = d.getUTCFullYear() + '-' + ('0' + (d.getUTCMonth() + 1)).slice(-2) + '-' + ('0' + d.getUTCDate()).slice(-2) + ' ' + ('0' + d.getUTCHours()).slice(-2) + ':' + ('0' + d.getUTCMinutes()).slice(-2) + ':' + ('0' + d.getUTCSeconds()).slice(-2);\n\t\n\tvar fu1date = fu1Fdate.getUTCFullYear() + '-' + ('0' + (fu1Fdate.getUTCMonth() + 1)).slice(-2) + '-' + ('0' + fu1Fdate.getUTCDate()).slice(-2) + ' ' + ('0' + d.getUTCHours()).slice(-2) + ':' + ('0' + d.getUTCMinutes()).slice(-2) + ':' + ('0' + d.getUTCSeconds()).slice(-2);\n\tvar fu2date = fu2Fdate.getUTCFullYear() + '-' + ('0' + (fu2Fdate.getUTCMonth() + 1)).slice(-2) + '-' + ('0' + fu2Fdate.getUTCDate()).slice(-2) + ' ' + ('0' + d.getUTCHours()).slice(-2) + ':' + ('0' + d.getUTCMinutes()).slice(-2) + ':' + ('0' + d.getUTCSeconds()).slice(-2);\n\tvar fu3date = fu3Fdate.getUTCFullYear() + '-' + ('0' + (fu3Fdate.getUTCMonth() + 1)).slice(-2) + '-' + ('0' + fu3Fdate.getUTCDate()).slice(-2) + ' ' + ('0' + d.getUTCHours()).slice(-2) + ':' + ('0' + d.getUTCMinutes()).slice(-2) + ':' + ('0' + d.getUTCSeconds()).slice(-2);\n\tvar fu4date = fu4Fdate.getUTCFullYear() + '-' + ('0' + (fu4Fdate.getUTCMonth() + 1)).slice(-2) + '-' + ('0' + fu4Fdate.getUTCDate()).slice(-2) + ' ' + ('0' + d.getUTCHours()).slice(-2) + ':' + ('0' + d.getUTCMinutes()).slice(-2) + ':' + ('0' + d.getUTCSeconds()).slice(-2);\n\tvar fu5date = fu5Fdate.getUTCFullYear() + '-' + ('0' + (fu5Fdate.getUTCMonth() + 1)).slice(-2) + '-' + ('0' + fu5Fdate.getUTCDate()).slice(-2) + ' ' + ('0' + d.getUTCHours()).slice(-2) + ':' + ('0' + d.getUTCMinutes()).slice(-2) + ':' + ('0' + d.getUTCSeconds()).slice(-2);\n\tvar fu6date = fu6Fdate.getUTCFullYear() + '-' + ('0' + (fu6Fdate.getUTCMonth() + 1)).slice(-2) + '-' + ('0' + fu6Fdate.getUTCDate()).slice(-2) + ' ' + ('0' + d.getUTCHours()).slice(-2) + ':' + ('0' + d.getUTCMinutes()).slice(-2) + ':' + ('0' + d.getUTCSeconds()).slice(-2);\n\tvar fu7date = fu7Fdate.getUTCFullYear() + '-' + ('0' + (fu7Fdate.getUTCMonth() + 1)).slice(-2) + '-' + ('0' + fu7Fdate.getUTCDate()).slice(-2) + ' ' + ('0' + d.getUTCHours()).slice(-2) + ':' + ('0' + d.getUTCMinutes()).slice(-2) + ':' + ('0' + d.getUTCSeconds()).slice(-2);\n\tvar fu8date = fu8Fdate.getUTCFullYear() + '-' + ('0' + (fu8Fdate.getUTCMonth() + 1)).slice(-2) + '-' + ('0' + fu8Fdate.getUTCDate()).slice(-2) + ' ' + ('0' + d.getUTCHours()).slice(-2) + ':' + ('0' + d.getUTCMinutes()).slice(-2) + ':' + ('0' + d.getUTCSeconds()).slice(-2);\n\tvar fu9date = fu9Fdate.getUTCFullYear() + '-' + ('0' + (fu9Fdate.getUTCMonth() + 1)).slice(-2) + '-' + ('0' + fu9Fdate.getUTCDate()).slice(-2) + ' ' + ('0' + d.getUTCHours()).slice(-2) + ':' + ('0' + d.getUTCMinutes()).slice(-2) + ':' + ('0' + d.getUTCSeconds()).slice(-2);\n\tvar fu10date = fu10Fdate.getUTCFullYear() + '-' + ('0' + (fu10Fdate.getUTCMonth() + 1)).slice(-2) + '-' + ('0' + fu10Fdate.getUTCDate()).slice(-2) + ' ' + ('0' + d.getUTCHours()).slice(-2) + ':' + ('0' + d.getUTCMinutes()).slice(-2) + ':' + ('0' + d.getUTCSeconds()).slice(-2);\n\tvar fu11date = fu11Fdate.getUTCFullYear() + '-' + ('0' + (fu11Fdate.getUTCMonth() + 1)).slice(-2) + '-' + ('0' + fu11Fdate.getUTCDate()).slice(-2) + ' ' + ('0' + d.getUTCHours()).slice(-2) + ':' + ('0' + d.getUTCMinutes()).slice(-2) + ':' + ('0' + d.getUTCSeconds()).slice(-2);\n\tvar fu12date = fu12Fdate.getUTCFullYear() + '-' + ('0' + (fu12Fdate.getUTCMonth() + 1)).slice(-2) + '-' + ('0' + fu12Fdate.getUTCDate()).slice(-2) + ' ' + ('0' + d.getUTCHours()).slice(-2) + ':' + ('0' + d.getUTCMinutes()).slice(-2) + ':' + ('0' + d.getUTCSeconds()).slice(-2);\n\tvar fu13date = fu13Fdate.getUTCFullYear() + '-' + ('0' + (fu13Fdate.getUTCMonth() + 1)).slice(-2) + '-' + ('0' + fu13Fdate.getUTCDate()).slice(-2) + ' ' + ('0' + d.getUTCHours()).slice(-2) + ':' + ('0' + d.getUTCMinutes()).slice(-2) + ':' + ('0' + d.getUTCSeconds()).slice(-2);\n\tvar fu14date = fu14Fdate.getUTCFullYear() + '-' + ('0' + (fu14Fdate.getUTCMonth() + 1)).slice(-2) + '-' + ('0' + fu14Fdate.getUTCDate()).slice(-2) + ' ' + ('0' + d.getUTCHours()).slice(-2) + ':' + ('0' + d.getUTCMinutes()).slice(-2) + ':' + ('0' + d.getUTCSeconds()).slice(-2);\n\tvar fu15date = fu15Fdate.getUTCFullYear() + '-' + ('0' + (fu15Fdate.getUTCMonth() + 1)).slice(-2) + '-' + ('0' + fu15Fdate.getUTCDate()).slice(-2) + ' ' + ('0' + d.getUTCHours()).slice(-2) + ':' + ('0' + d.getUTCMinutes()).slice(-2) + ':' + ('0' + d.getUTCSeconds()).slice(-2);\n\tvar fu16date = fu16Fdate.getUTCFullYear() + '-' + ('0' + (fu16Fdate.getUTCMonth() + 1)).slice(-2) + '-' + ('0' + fu16Fdate.getUTCDate()).slice(-2) + ' ' + ('0' + d.getUTCHours()).slice(-2) + ':' + ('0' + d.getUTCMinutes()).slice(-2) + ':' + ('0' + d.getUTCSeconds()).slice(-2);\n\tvar fu17date = fu17Fdate.getUTCFullYear() + '-' + ('0' + (fu17Fdate.getUTCMonth() + 1)).slice(-2) + '-' + ('0' + fu17Fdate.getUTCDate()).slice(-2) + ' ' + ('0' + d.getUTCHours()).slice(-2) + ':' + ('0' + d.getUTCMinutes()).slice(-2) + ':' + ('0' + d.getUTCSeconds()).slice(-2);\n\tvar fu18date = fu18Fdate.getUTCFullYear() + '-' + ('0' + (fu18Fdate.getUTCMonth() + 1)).slice(-2) + '-' + ('0' + fu18Fdate.getUTCDate()).slice(-2) + ' ' + ('0' + d.getUTCHours()).slice(-2) + ':' + ('0' + d.getUTCMinutes()).slice(-2) + ':' + ('0' + d.getUTCSeconds()).slice(-2);\n\tvar fu19date = fu19Fdate.getUTCFullYear() + '-' + ('0' + (fu19Fdate.getUTCMonth() + 1)).slice(-2) + '-' + ('0' + fu19Fdate.getUTCDate()).slice(-2) + ' ' + ('0' + d.getUTCHours()).slice(-2) + ':' + ('0' + d.getUTCMinutes()).slice(-2) + ':' + ('0' + d.getUTCSeconds()).slice(-2);\n\tvar fu20date = fu20Fdate.getUTCFullYear() + '-' + ('0' + (fu20Fdate.getUTCMonth() + 1)).slice(-2) + '-' + ('0' + fu20Fdate.getUTCDate()).slice(-2) + ' ' + ('0' + d.getUTCHours()).slice(-2) + ':' + ('0' + d.getUTCMinutes()).slice(-2) + ':' + ('0' + d.getUTCSeconds()).slice(-2);\n\tvar fu21date = fu21Fdate.getUTCFullYear() + '-' + ('0' + (fu21Fdate.getUTCMonth() + 1)).slice(-2) + '-' + ('0' + fu21Fdate.getUTCDate()).slice(-2) + ' ' + ('0' + d.getUTCHours()).slice(-2) + ':' + ('0' + d.getUTCMinutes()).slice(-2) + ':' + ('0' + d.getUTCSeconds()).slice(-2);\n\tvar fu22date = fu22Fdate.getUTCFullYear() + '-' + ('0' + (fu22Fdate.getUTCMonth() + 1)).slice(-2) + '-' + ('0' + fu22Fdate.getUTCDate()).slice(-2) + ' ' + ('0' + d.getUTCHours()).slice(-2) + ':' + ('0' + d.getUTCMinutes()).slice(-2) + ':' + ('0' + d.getUTCSeconds()).slice(-2);\n\tvar fu23date = fu23Fdate.getUTCFullYear() + '-' + ('0' + (fu23Fdate.getUTCMonth() + 1)).slice(-2) + '-' + ('0' + fu23Fdate.getUTCDate()).slice(-2) + ' ' + ('0' + d.getUTCHours()).slice(-2) + ':' + ('0' + d.getUTCMinutes()).slice(-2) + ':' + ('0' + d.getUTCSeconds()).slice(-2);\n\tvar fu24date = fu24Fdate.getUTCFullYear() + '-' + ('0' + (fu24Fdate.getUTCMonth() + 1)).slice(-2) + '-' + ('0' + fu24Fdate.getUTCDate()).slice(-2) + ' ' + ('0' + d.getUTCHours()).slice(-2) + ':' + ('0' + d.getUTCMinutes()).slice(-2) + ':' + ('0' + d.getUTCSeconds()).slice(-2);\n\tvar fu25date = fu25Fdate.getUTCFullYear() + '-' + ('0' + (fu25Fdate.getUTCMonth() + 1)).slice(-2) + '-' + ('0' + fu25Fdate.getUTCDate()).slice(-2) + ' ' + ('0' + d.getUTCHours()).slice(-2) + ':' + ('0' + d.getUTCMinutes()).slice(-2) + ':' + ('0' + d.getUTCSeconds()).slice(-2);\n\tvar fu26date = fu26Fdate.getUTCFullYear() + '-' + ('0' + (fu26Fdate.getUTCMonth() + 1)).slice(-2) + '-' + ('0' + fu26Fdate.getUTCDate()).slice(-2) + ' ' + ('0' + d.getUTCHours()).slice(-2) + ':' + ('0' + d.getUTCMinutes()).slice(-2) + ':' + ('0' + d.getUTCSeconds()).slice(-2);\n\tvar fu27date = fu27Fdate.getUTCFullYear() + '-' + ('0' + (fu27Fdate.getUTCMonth() + 1)).slice(-2) + '-' + ('0' + fu27Fdate.getUTCDate()).slice(-2) + ' ' + ('0' + d.getUTCHours()).slice(-2) + ':' + ('0' + d.getUTCMinutes()).slice(-2) + ':' + ('0' + d.getUTCSeconds()).slice(-2);\n\tvar fu28date = fu28Fdate.getUTCFullYear() + '-' + ('0' + (fu28Fdate.getUTCMonth() + 1)).slice(-2) + '-' + ('0' + fu28Fdate.getUTCDate()).slice(-2) + ' ' + ('0' + d.getUTCHours()).slice(-2) + ':' + ('0' + d.getUTCMinutes()).slice(-2) + ':' + ('0' + d.getUTCSeconds()).slice(-2);\n\tvar fu29date = fu29Fdate.getUTCFullYear() + '-' + ('0' + (fu29Fdate.getUTCMonth() + 1)).slice(-2) + '-' + ('0' + fu29Fdate.getUTCDate()).slice(-2) + ' ' + ('0' + d.getUTCHours()).slice(-2) + ':' + ('0' + d.getUTCMinutes()).slice(-2) + ':' + ('0' + d.getUTCSeconds()).slice(-2);\n\tvar fu30date = fu30Fdate.getUTCFullYear() + '-' + ('0' + (fu30Fdate.getUTCMonth() + 1)).slice(-2) + '-' + ('0' + fu30Fdate.getUTCDate()).slice(-2) + ' ' + ('0' + d.getUTCHours()).slice(-2) + ':' + ('0' + d.getUTCMinutes()).slice(-2) + ':' + ('0' + d.getUTCSeconds()).slice(-2);\n\n\tQualtrics.SurveyEngine.setEmbeddedData('CONSENTDATE', consentdate);\n\t\n\tQualtrics.SurveyEngine.setEmbeddedData('FU1DATE', fu1date);\n\tQualtrics.SurveyEngine.setEmbeddedData('FU2DATE', fu2date);\n\tQualtrics.SurveyEngine.setEmbeddedData('FU3DATE', fu3date);\n\tQualtrics.SurveyEngine.setEmbeddedData('FU4DATE', fu4date);\n\tQualtrics.SurveyEngine.setEmbeddedData('FU5DATE', fu5date);\n\tQualtrics.SurveyEngine.setEmbeddedData('FU6DATE', fu6date);\n\tQualtrics.SurveyEngine.setEmbeddedData('FU7DATE', fu7date);\n\tQualtrics.SurveyEngine.setEmbeddedData('FU8DATE', fu8date);\n\tQualtrics.SurveyEngine.setEmbeddedData('FU9DATE', fu9date);\n\tQualtrics.SurveyEngine.setEmbeddedData('FU10DATE', fu10date);\n\tQualtrics.SurveyEngine.setEmbeddedData('FU11DATE', fu11date);\n\tQualtrics.SurveyEngine.setEmbeddedData('FU12DATE', fu12date);\n\tQualtrics.SurveyEngine.setEmbeddedData('FU13DATE', fu13date);\n\tQualtrics.SurveyEngine.setEmbeddedData('FU14DATE', fu14date);\n\tQualtrics.SurveyEngine.setEmbeddedData('FU15DATE', fu15date);\n\tQualtrics.SurveyEngine.setEmbeddedData('FU16DATE', fu16date);\n\tQualtrics.SurveyEngine.setEmbeddedData('FU17DATE', fu17date);\n\tQualtrics.SurveyEngine.setEmbeddedData('FU18DATE', fu18date);\n\tQualtrics.SurveyEngine.setEmbeddedData('FU19DATE', fu19date);\n\tQualtrics.SurveyEngine.setEmbeddedData('FU20DATE', fu20date);\n\tQualtrics.SurveyEngine.setEmbeddedData('FU21DATE', fu21date);\n\tQualtrics.SurveyEngine.setEmbeddedData('FU22DATE', fu22date);\n\tQualtrics.SurveyEngine.setEmbeddedData('FU23DATE', fu23date);\n\tQualtrics.SurveyEngine.setEmbeddedData('FU24DATE', fu24date);\n\tQualtrics.SurveyEngine.setEmbeddedData('FU25DATE', fu25date);\n\tQualtrics.SurveyEngine.setEmbeddedData('FU26DATE', fu26date);\n\tQualtrics.SurveyEngine.setEmbeddedData('FU27DATE', fu27date);\n\tQualtrics.SurveyEngine.setEmbeddedData('FU28DATE', fu28date);\n\tQualtrics.SurveyEngine.setEmbeddedData('FU29DATE', fu29date);\n\tQualtrics.SurveyEngine.setEmbeddedData('FU30DATE', fu30date);\n});"}},{"SurveyID":"SV_3OTpmENiQQN82jP","Element":"SQ","PrimaryAttribute":"QID3","SecondaryAttribute":"Consent?","TertiaryAttribute":null,"Payload":{"QuestionText":"Consent?","DataExportTag":"Q3","QuestionType":"MC","Selector":"SAVR","SubSelector":"TX","Configuration":{"QuestionDescriptionOption":"UseText"},"QuestionDescription":"Consent?","Choices":{"1":{"Display":"Yes"},"2":{"Display":"No"}},"ChoiceOrder":[1,2],"Validation":{"Settings":{"ForceResponse":"OFF","ForceResponseType":"ON","Type":"None"}},"Language":[],"QuestionID":"QID3"}},{"SurveyID":"SV_3OTpmENiQQN82jP","Element":"RS","PrimaryAttribute":"RS_1Tv5fmg2lPYOQSN","SecondaryAttribute":"Default Response Set","TertiaryAttribute":null,"Payload":null},{"SurveyID":"SV_3OTpmENiQQN82jP","Element":"SQ","PrimaryAttribute":"QID2","SecondaryAttribute":"Email:","TertiaryAttribute":null,"Payload":{"QuestionText":"Email:","DefaultChoices":false,"DataExportTag":"Q2","QuestionID":"QID2","QuestionType":"TE","Selector":"SL","Configuration":{"QuestionDescriptionOption":"UseText"},"QuestionDescription":"Email:","Validation":{"Settings":{"ForceResponse":"OFF","ForceResponseType":"ON","Type":"ContentType","ContentType":"ValidEmail","ValidDateType":"DateWithFormat","ValidPhoneType":"ValidUSPhone","ValidZipType":"ValidUSZip"}},"GradingData":[],"Language":[]}},{"SurveyID":"SV_3OTpmENiQQN82jP","Element":"SQ","PrimaryAttribute":"QID1","SecondaryAttribute":"Landing page","TertiaryAttribute":null,"Payload":{"QuestionText":"Landing page","QuestionJS":"Qualtrics.SurveyEngine.addOnload(function () {\n\t\/*Place Your Javascript Below This Line*\/\n\t\n\t\/\/This JavaScript gets a local timestamp from the participant's computer\n\n\tvar d = new Date();\n\t\n\tvar startdate = d.getFullYear() + '-' + ('0' + (d.getMonth() + 1)).slice(-2) + '-' + ('0' + d.getDate()).slice(-2) + ' ' + ('0' + d.getHours()).slice(-2) + ':' + ('0' + d.getMinutes()).slice(-2) + ':' + ('0' + d.getSeconds()).slice(-2);\n\t\n\tQualtrics.SurveyEngine.setEmbeddedData('STARTDATE', startdate); \/\/this gets the start datetime in the participant's own time zone\n\n});","DefaultChoices":false,"DataExportTag":"Q1","QuestionID":"QID1","QuestionType":"DB","Selector":"TB","Configuration":{"QuestionDescriptionOption":"UseText"},"QuestionDescription":"Landing page","ChoiceOrder":[],"Validation":{"Settings":{"Type":"None"}},"GradingData":[],"Language":[]}},{"SurveyID":"SV_3OTpmENiQQN82jP","Element":"SQ","PrimaryAttribute":"QID5","SecondaryAttribute":"This section is to test if your Embedded Data variables are\n working as they should:\n TESTDATA: ${e:","TertiaryAttribute":null,"Payload":{"QuestionText":"<p>This section is to test if your Embedded Data variables are working as they should:<br>\nTESTDATA: ${e:\/\/Field\/TESTDATA}<br>\nSTARTDATE: ${e:\/\/Field\/STARTDATE}<br>\nCONSENTDATE: ${e:\/\/Field\/CONSENTDATE}<br>\nFUPERIOD: ${e:\/\/Field\/FUPERIOD}<br>\nFU1DATE: ${e:\/\/Field\/FU1DATE}<br>\nFU2DATE: ${e:\/\/Field\/FU2DATE}<br>\nFU3DATE: ${e:\/\/Field\/FU3DATE}<br>\nFU4DATE: ${e:\/\/Field\/FU4DATE}<br>\nFU5DATE: ${e:\/\/Field\/FU5DATE}<br>\nFU6DATE: ${e:\/\/Field\/FU6DATE}<br>\nFU7DATE: ${e:\/\/Field\/FU7DATE}<br>\nFU8DATE: ${e:\/\/Field\/FU8DATE}<br>\nFU9DATE: ${e:\/\/Field\/FU9DATE}<br>\nFU10DATE: ${e:\/\/Field\/FU10DATE}<br>\nFU11DATE: ${e:\/\/Field\/FU11DATE}<br>\nFU12DATE: ${e:\/\/Field\/FU12DATE}<br>\nFU13DATE: ${e:\/\/Field\/FU13DATE}<br>\nFU14DATE: ${e:\/\/Field\/FU14DATE}<br>\nFU15DATE: ${e:\/\/Field\/FU15DATE}<br>\nFU16DATE: ${e:\/\/Field\/FU16DATE}<br>\nFU17DATE: ${e:\/\/Field\/FU17DATE}<br>\nFU18DATE: ${e:\/\/Field\/FU18DATE}<br>\nFU19DATE: ${e:\/\/Field\/FU19DATE}<br>\nFU20DATE: ${e:\/\/Field\/FU20DATE}<br>\nFU21DATE: ${e:\/\/Field\/FU21DATE}<br>\nFU22DATE: ${e:\/\/Field\/FU22DATE}<br>\nFU23DATE: ${e:\/\/Field\/FU23DATE}<br>\nFU24DATE: ${e:\/\/Field\/FU24DATE}<br>\nFU25DATE: ${e:\/\/Field\/FU25DATE}<br>\nFU26DATE: ${e:\/\/Field\/FU26DATE}<br>\nFU27DATE: ${e:\/\/Field\/FU27DATE}<br>\nFU28DATE: ${e:\/\/Field\/FU28DATE}<br>\nFU29DATE: ${e:\/\/Field\/FU29DATE}<br>\nFU30DATE: ${e:\/\/Field\/FU30DATE}<br>\n<\/p>","DefaultChoices":false,"DataExportTag":"Q5","QuestionType":"DB","Selector":"TB","Configuration":{"QuestionDescriptionOption":"UseText"},"QuestionDescription":"This section is to test if your Embedded Data variables are\n working as they should:\n TESTDATA: ${e:\/\/Field\/TESTDATA}\n STARTDATE: ${e:\/\/Field\/STARTDATE}\n CONSENTDATE: ${e:\/\/Field\/CONSENTDATE}\n FUPE...","ChoiceOrder":[],"Validation":{"Settings":{"Type":"None"}},"GradingData":[],"Language":[],"QuestionID":"QID5","DisplayLogic":{"0":{"0":{"LogicType":"EmbeddedField","LeftOperand":"TESTDATA","Operator":"EqualTo","RightOperand":"1","_HiddenExpression":false,"Type":"Expression","Description":"<span class=\"ConjDesc\">If<\/span> <span class=\"QuestionDesc\"><\/span> <span class=\"LeftOpDesc\">TESTDATA<\/span> Is <span class=\"OpDesc\">Equal to<\/span> <span class=\"RightOpDesc\"> 1 <\/span>"},"Type":"If"},"Type":"BooleanExpression","inPage":false}}}]}